{
  "name": "trip-app",
  "lockfileVersion": 3,
  "requires": true,
  "packages": {
    "": {
      "dependencies": {
        "@prisma/studio": "^0.511.0"
      }
    },
    "node_modules/@prisma/studio": {
      "version": "0.511.0",
      "resolved": "https://registry.npmjs.org/@prisma/studio/-/studio-0.511.0.tgz",
      "integrity": "sha512-JflDAbdF/meO72w05AJXk397G+vUVs+5fAVfJlXGs43Fuc6VhMWNOTwEMLHkZ5hsFHTDu3OqRc2NhhxKYwvNvA==",
      "license": "Apache-2.0"
    }
  }
}
